Microsoft Visual Studio Solution File, Format Version 12.00
# Visual Studio Version 17
VisualStudioVersion = 17.5.2.0
MinimumVisualStudioVersion = 10.0.40219.1
Project("{2150E333-8FDC-42A3-9474-1A3956D46DE8}") = "csharp", "csharp", "{B41BF331-FCCB-2ADF-CDB6-767964B34647}"
EndProject
Project("{FAE04EC0-301F-11D3-BF4B-00C04F79EFBC}") = "Dink", "csharp\Dink\Dink.csproj", "{3E9C960D-B84E-2715-DB43-6DC172819341}"
EndProject
Project("{FAE04EC0-301F-11D3-BF4B-00C04F79EFBC}") = "DinkCompiler", "csharp\DinkCompiler\DinkCompiler.csproj", "{31766958-78F8-CE7A-AEF0-2B1A06B19813}"
EndProject
Project("{FAE04EC0-301F-11D3-BF4B-00C04F79EFBC}") = "DinkTests", "csharp\Dink.Tests\DinkTests.csproj", "{EBD654EE-A8DF-D35F-984C-D6064E0F927B}"
EndProject
Global
	GlobalSection(SolutionConfigurationPlatforms) = preSolution
		Debug|Any CPU = Debug|Any CPU
		Release|Any CPU = Release|Any CPU
	EndGlobalSection
	GlobalSection(ProjectConfigurationPlatforms) = postSolution
		{3E9C960D-B84E-2715-DB43-6DC172819341}.Debug|Any CPU.ActiveCfg = Debug|Any CPU
		{3E9C960D-B84E-2715-DB43-6DC172819341}.Debug|Any CPU.Build.0 = Debug|Any CPU
		{3E9C960D-B84E-2715-DB43-6DC172819341}.Release|Any CPU.ActiveCfg = Release|Any CPU
		{3E9C960D-B84E-2715-DB43-6DC172819341}.Release|Any CPU.Build.0 = Release|Any CPU
		{31766958-78F8-CE7A-AEF0-2B1A06B19813}.Debug|Any CPU.ActiveCfg = Debug|Any CPU
		{31766958-78F8-CE7A-AEF0-2B1A06B19813}.Debug|Any CPU.Build.0 = Debug|Any CPU
		{31766958-78F8-CE7A-AEF0-2B1A06B19813}.Release|Any CPU.ActiveCfg = Release|Any CPU
		{31766958-78F8-CE7A-AEF0-2B1A06B19813}.Release|Any CPU.Build.0 = Release|Any CPU
		{EBD654EE-A8DF-D35F-984C-D6064E0F927B}.Debug|Any CPU.ActiveCfg = Debug|Any CPU
		{EBD654EE-A8DF-D35F-984C-D6064E0F927B}.Debug|Any CPU.Build.0 = Debug|Any CPU
		{EBD654EE-A8DF-D35F-984C-D6064E0F927B}.Release|Any CPU.ActiveCfg = Release|Any CPU
		{EBD654EE-A8DF-D35F-984C-D6064E0F927B}.Release|Any CPU.Build.0 = Release|Any CPU
	EndGlobalSection
	GlobalSection(SolutionProperties) = preSolution
		HideSolutionNode = FALSE
	EndGlobalSection
	GlobalSection(NestedProjects) = preSolution
		{3E9C960D-B84E-2715-DB43-6DC172819341} = {B41BF331-FCCB-2ADF-CDB6-767964B34647}
		{31766958-78F8-CE7A-AEF0-2B1A06B19813} = {B41BF331-FCCB-2ADF-CDB6-767964B34647}
		{EBD654EE-A8DF-D35F-984C-D6064E0F927B} = {B41BF331-FCCB-2ADF-CDB6-767964B34647}
	EndGlobalSection
	GlobalSection(ExtensibilityGlobals) = postSolution
		SolutionGuid = {88169278-ED9A-490F-9E74-9B928E03C840}
	EndGlobalSection
EndGlobal
